// !$*UTF8*$!
{
	archiveVersion = 1;
	classes = {
	};
	objectVersion = 46;
	objects = {

/* Begin PBXBuildFile section */
		684DC6A31E941BD000CC23DD /* AppDelegate.swift in Sources */ = {isa = PBXBuildFile; fileRef = 684DC6A21E941BD000CC23DD /* AppDelegate.swift */; };
		684DC6A51E941BD000CC23DD /* LoginVC.swift in Sources */ = {isa = PBXBuildFile; fileRef = 684DC6A41E941BD000CC23DD /* LoginVC.swift */; };
		684DC6A81E941BD000CC23DD /* Main.storyboard in Resources */ = {isa = PBXBuildFile; fileRef = 684DC6A61E941BD000CC23DD /* Main.storyboard */; };
		684DC6AA1E941BD000CC23DD /* Assets.xcassets in Resources */ = {isa = PBXBuildFile; fileRef = 684DC6A91E941BD000CC23DD /* Assets.xcassets */; };
		684DC6AD1E941BD000CC23DD /* LaunchScreen.storyboard in Resources */ = {isa = PBXBuildFile; fileRef = 684DC6AB1E941BD000CC23DD /* LaunchScreen.storyboard */; };
		684DC6B51E941F7C00CC23DD /* CreateEntryVC.swift in Sources */ = {isa = PBXBuildFile; fileRef = 684DC6B41E941F7C00CC23DD /* CreateEntryVC.swift */; };
		684DC6B71E9423D000CC23DD /* IndividualCalendarVC.swift in Sources */ = {isa = PBXBuildFile; fileRef = 684DC6B61E9423D000CC23DD /* IndividualCalendarVC.swift */; };
		684DC6B91E94261D00CC23DD /* Shoe.swift in Sources */ = {isa = PBXBuildFile; fileRef = 684DC6B81E94261D00CC23DD /* Shoe.swift */; };
		684DC6BB1E9426B200CC23DD /* Workout.swift in Sources */ = {isa = PBXBuildFile; fileRef = 684DC6BA1E9426B200CC23DD /* Workout.swift */; };
/* End PBXBuildFile section */

/* Begin PBXFileReference section */
		684DC69F1E941BD000CC23DD /* JogaRun.app */ = {isa = PBXFileReference; explicitFileType = wrapper.application; includeInIndex = 0; path = JogaRun.app; sourceTree = BUILT_PRODUCTS_DIR; };
		684DC6A21E941BD000CC23DD /* AppDelegate.swift */ = {isa = PBXFileReference; lastKnownFileType = sourcecode.swift; path = AppDelegate.swift; sourceTree = "<group>"; };
		684DC6A41E941BD000CC23DD /* LoginVC.swift */ = {isa = PBXFileReference; lastKnownFileType = sourcecode.swift; path = LoginVC.swift; sourceTree = "<group>"; };
		684DC6A71E941BD000CC23DD /* Base */ = {isa = PBXFileReference; lastKnownFileType = file.storyboard; name = Base; path = Base.lproj/Main.storyboard; sourceTree = "<group>"; };
		684DC6A91E941BD000CC23DD /* Assets.xcassets */ = {isa = PBXFileReference; lastKnownFileType = folder.assetcatalog; path = Assets.xcassets; sourceTree = "<group>"; };
		684DC6AC1E941BD000CC23DD /* Base */ = {isa = PBXFileReference; lastKnownFileType = file.storyboard; name = Base; path = Base.lproj/LaunchScreen.storyboard; sourceTree = "<group>"; };
		684DC6AE1E941BD000CC23DD /* Info.plist */ = {isa = PBXFileReference; lastKnownFileType = text.plist.xml; path = Info.plist; sourceTree = "<group>"; };
		684DC6B41E941F7C00CC23DD /* CreateEntryVC.swift */ = {isa = PBXFileReference; fileEncoding = 4; lastKnownFileType = sourcecode.swift; path = CreateEntryVC.swift; sourceTree = "<group>"; };
		684DC6B61E9423D000CC23DD /* IndividualCalendarVC.swift */ = {isa = PBXFileReference; fileEncoding = 4; lastKnownFileType = sourcecode.swift; path = IndividualCalendarVC.swift; sourceTree = "<group>"; };
		684DC6B81E94261D00CC23DD /* Shoe.swift */ = {isa = PBXFileReference; fileEncoding = 4; lastKnownFileType = sourcecode.swift; path = Shoe.swift; sourceTree = "<group>"; };
		684DC6BA1E9426B200CC23DD /* Workout.swift */ = {isa = PBXFileReference; fileEncoding = 4; lastKnownFileType = sourcecode.swift; path = Workout.swift; sourceTree = "<group>"; };
/* End PBXFileReference section */

/* Begin PBXFrameworksBuildPhase section */
		684DC69C1E941BCF00CC23DD /* Frameworks */ = {
			isa = PBXFrameworksBuildPhase;
			buildActionMask = 2147483647;
			files = (
			);
			runOnlyForDeploymentPostprocessing = 0;
		};
/* End PBXFrameworksBuildPhase section */

/* Begin PBXGroup section */
		684DC6961E941BCF00CC23DD = {
			isa = PBXGroup;
			children = (
				684DC6A11E941BD000CC23DD /* JogaRun */,
				684DC6A01E941BD000CC23DD /* Products */,
			);
			sourceTree = "<group>";
		};
		684DC6A01E941BD000CC23DD /* Products */ = {
			isa = PBXGroup;
			children = (
				684DC69F1E941BD000CC23DD /* JogaRun.app */,
			);
			name = Products;
			sourceTree = "<group>";
		};
		684DC6A11E941BD000CC23DD /* JogaRun */ = {
			isa = PBXGroup;
			children = (
				684DC6A21E941BD000CC23DD /* AppDelegate.swift */,
				684DC6A41E941BD000CC23DD /* LoginVC.swift */,
				684DC6A61E941BD000CC23DD /* Main.storyboard */,
				684DC6A91E941BD000CC23DD /* Assets.xcassets */,
				684DC6AB1E941BD000CC23DD /* LaunchScreen.storyboard */,
				684DC6AE1E941BD000CC23DD /* Info.plist */,
				684DC6B41E941F7C00CC23DD /* CreateEntryVC.swift */,
				684DC6B61E9423D000CC23DD /* IndividualCalendarVC.swift */,
				684DC6B81E94261D00CC23DD /* Shoe.swift */,
				684DC6BA1E9426B200CC23DD /* Workout.swift */,
			);
			path = JogaRun;
			sourceTree = "<group>";
		};
/* End PBXGroup section */

/* Begin PBXNativeTarget section */
		684DC69E1E941BCF00CC23DD /* JogaRun */ = {
			isa = PBXNativeTarget;
			buildConfigurationList = 684DC6B11E941BD000CC23DD /* Build configuration list for PBXNativeTarget "JogaRun" */;
			buildPhases = (
				684DC69B1E941BCF00CC23DD /* Sources */,
				684DC69C1E941BCF00CC23DD /* Frameworks */,
				684DC69D1E941BCF00CC23DD /* Resources */,
			);
			buildRules = (
			);
			dependencies = (
			);
			name = JogaRun;
			productName = JogaRun;
			productReference = 684DC69F1E941BD000CC23DD /* JogaRun.app */;
			productType = "com.apple.product-type.application";
		};
/* End PBXNativeTarget section */

/* Begin PBXProject section */
		684DC6971E941BCF00CC23DD /* Project object */ = {
			isa = PBXProject;
			attributes = {
				LastSwiftUpdateCheck = 0820;
				LastUpgradeCheck = 0820;
				ORGANIZATIONNAME = Taylor;
				TargetAttributes = {
					684DC69E1E941BCF00CC23DD = {
						CreatedOnToolsVersion = 8.2.1;
						ProvisioningStyle = Automatic;
					};
				};
			};
			buildConfigurationList = 684DC69A1E941BCF00CC23DD /* Build configuration list for PBXProject "JogaRun" */;
			compatibilityVersion = "Xcode 3.2";
			developmentRegion = English;
			hasScannedForEncodings = 0;
			knownRegions = (
				en,
				Base,
			);
			mainGroup = 684DC6961E941BCF00CC23DD;
			productRefGroup = 684DC6A01E941BD000CC23DD /* Products */;
			projectDirPath = "";
			projectRoot = "";
			targets = (
				684DC69E1E941BCF00CC23DD /* JogaRun */,
			);
		};
/* End PBXProject section */

/* Begin PBXResourcesBuildPhase section */
		684DC69D1E941BCF00CC23DD /* Resources */ = {
			isa = PBXResourcesBuildPhase;
			buildActionMask = 2147483647;
			files = (
				684DC6AD1E941BD000CC23DD /* LaunchScreen.storyboard in Resources */,
				684DC6AA1E941BD000CC23DD /* Assets.xcassets in Resources */,
				684DC6A81E941BD000CC23DD /* Main.storyboard in Resources */,
			);
			runOnlyForDeploymentPostprocessing = 0;
		};
/* End PBXResourcesBuildPhase section */

/* Begin PBXSourcesBuildPhase section */
		684DC69B1E941BCF00CC23DD /* Sources */ = {
			isa = PBXSourcesBuildPhase;
			buildActionMask = 2147483647;
			files = (
				684DC6B51E941F7C00CC23DD /* CreateEntryVC.swift in Sources */,
				684DC6B71E9423D000CC23DD /* IndividualCalendarVC.swift in Sources */,
				684DC6A51E941BD000CC23DD /* LoginVC.swift in Sources */,
				684DC6B91E94261D00CC23DD /* Shoe.swift in Sources */,
				684DC6A31E941BD000CC23DD /* AppDelegate.swift in Sources */,
				684DC6BB1E9426B200CC23DD /* Workout.swift in Sources */,
			);
			runOnlyForDeploymentPostprocessing = 0;
		};
/* End PBXSourcesBuildPhase section */

/* Begin PBXVariantGroup section */
		684DC6A61E941BD000CC23DD /* Main.storyboard */ = {
			isa = PBXVariantGroup;
			children = (
				684DC6A71E941BD000CC23DD /* Base */,
			);
			name = Main.storyboard;
			sourceTree = "<group>";
		};
		684DC6AB1E941BD000CC23DD /* LaunchScreen.storyboard */ = {
			isa = PBXVariantGroup;
			children = (
				684DC6AC1E941BD000CC23DD /* Base */,
			);
			name = LaunchScreen.storyboard;
			sourceTree = "<group>";
		};
/* End PBXVariantGroup section */

/* Begin XCBuildConfiguration section */
		684DC6AF1E941BD000CC23DD /* Debug */ = {
			isa = XCBuildConfiguration;
			buildSettings = {
				ALWAYS_SEARCH_USER_PATHS = NO;
				CLANG_ANALYZER_NONNULL = YES;
				CLANG_CXX_LANGUAGE_STANDARD = "gnu++0x";
				CLANG_CXX_LIBRARY = "libc++";
				CLANG_ENABLE_MODULES = YES;
				CLANG_ENABLE_OBJC_ARC = YES;
				CLANG_WARN_BOOL_CONVERSION = YES;
				CLANG_WARN_CONSTANT_CONVERSION = YES;
				CLANG_WARN_DIRECT_OBJC_ISA_USAGE = YES_ERROR;
				CLANG_WARN_DOCUMENTATION_COMMENTS = YES;
				CLANG_WARN_EMPTY_BODY = YES;
				CLANG_WARN_ENUM_CONVERSION = YES;
				CLANG_WARN_INFINITE_RECURSION = YES;
				CLANG_WARN_INT_CONVERSION = YES;
				CLANG_WARN_OBJC_ROOT_CLASS = YES_ERROR;
				CLANG_WARN_SUSPICIOUS_MOVE = YES;
				CLANG_WARN_UNREACHABLE_CODE = YES;
				CLANG_WARN__DUPLICATE_METHOD_MATCH = YES;
				"CODE_SIGN_IDENTITY[sdk=iphoneos*]" = "iPhone Developer";
				COPY_PHASE_STRIP = NO;
				DEBUG_INFORMATION_FORMAT = dwarf;
				ENABLE_STRICT_OBJC_MSGSEND = YES;
				ENABLE_TESTABILITY = YES;
				GCC_C_LANGUAGE_STANDARD = gnu99;
				GCC_DYNAMIC_NO_PIC = NO;
				GCC_NO_COMMON_BLOCKS = YES;
				GCC_OPTIMIZATION_LEVEL = 0;
				GCC_PREPROCESSOR_DEFINITIONS = (
					"DEBUG=1",
					"$(inherited)",
				);
				GCC_WARN_64_TO_32_BIT_CONVERSION = YES;
				GCC_WARN_ABOUT_RETURN_TYPE = YES_ERROR;
				GCC_WARN_UNDECLARED_SELECTOR = YES;
				GCC_WARN_UNINITIALIZED_AUTOS = YES_AGGRESSIVE;
				GCC_WARN_UNUSED_FUNCTION = YES;
				GCC_WARN_UNUSED_VARIABLE = YES;
				IPHONEOS_DEPLOYMENT_TARGET = 10.2;
				MTL_ENABLE_DEBUG_INFO = YES;
				ONLY_ACTIVE_ARCH = YES;
				SDKROOT = iphoneos;
				SWIFT_ACTIVE_COMPILATION_CONDITIONS = DEBUG;
				SWIFT_OPTIMIZATION_LEVEL = "-Onone";
				TARGETED_DEVICE_FAMILY = "1,2";
			};
			name = Debug;
		};
		684DC6B01E941BD000CC23DD /* Release */ = {
			isa = XCBuildConfiguration;
			buildSettings = {
				ALWAYS_SEARCH_USER_PATHS = NO;
				CLANG_ANALYZER_NONNULL = YES;
				CLANG_CXX_LANGUAGE_STANDARD = "gnu++0x";
				CLANG_CXX_LIBRARY = "libc++";
				CLANG_ENABLE_MODULES = YES;
				CLANG_ENABLE_OBJC_ARC = YES;
				CLANG_WARN_BOOL_CONVERSION = YES;
				CLANG_WARN_CONSTANT_CONVERSION = YES;
				CLANG_WARN_DIRECT_OBJC_ISA_USAGE = YES_ERROR;
				CLANG_WARN_DOCUMENTATION_COMMENTS = YES;
				CLANG_WARN_EMPTY_BODY = YES;
				CLANG_WARN_ENUM_CONVERSION = YES;
				CLANG_WARN_INFINITE_RECURSION = YES;
				CLANG_WARN_INT_CONVERSION = YES;
				CLANG_WARN_OBJC_ROOT_CLASS = YES_ERROR;
				CLANG_WARN_SUSPICIOUS_MOVE = YES;
				CLANG_WARN_UNREACHABLE_CODE = YES;
				CLANG_WARN__DUPLICATE_METHOD_MATCH = YES;
				"CODE_SIGN_IDENTITY[sdk=iphoneos*]" = "iPhone Developer";
				COPY_PHASE_STRIP = NO;
				DEBUG_INFORMATION_FORMAT = "dwarf-with-dsym";
				ENABLE_NS_ASSERTIONS = NO;
				ENABLE_STRICT_OBJC_MSGSEND = YES;
				GCC_C_LANGUAGE_STANDARD = gnu99;
				GCC_NO_COMMON_BLOCKS = YES;
				GCC_WARN_64_TO_32_BIT_CONVERSION = YES;
				GCC_WARN_ABOUT_RETURN_TYPE = YES_ERROR;
				GCC_WARN_UNDECLARED_SELECTOR = YES;
				GCC_WARN_UNINITIALIZED_AUTOS = YES_AGGRESSIVE;
				GCC_WARN_UNUSED_FUNCTION = YES;
				GCC_WARN_UNUSED_VARIABLE = YES;
				IPHONEOS_DEPLOYMENT_TARGET = 10.2;
				MTL_ENABLE_DEBUG_INFO = NO;
				SDKROOT = iphoneos;
				SWIFT_OPTIMIZATION_LEVEL = "-Owholemodule";
				TARGETED_DEVICE_FAMILY = "1,2";
				VALIDATE_PRODUCT = YES;
			};
			name = Release;
		};
		684DC6B21E941BD000CC23DD /* Debug */ = {
			isa = XCBuildConfiguration;
			buildSettings = {
				ASSETCATALOG_COMPILER_APPICON_NAME = AppIcon;
				INFOPLIST_FILE = JogaRun/Info.plist;
				LD_RUNPATH_SEARCH_PATHS = "$(inherited) @executable_path/Frameworks";
				PRODUCT_BUNDLE_IDENTIFIER = Taylor.JogaRun;
				PRODUCT_NAME = "$(TARGET_NAME)";
				SWIFT_VERSION = 3.0;
			};
			name = Debug;
		};
		684DC6B31E941BD000CC23DD /* Release */ = {
			isa = XCBuildConfiguration;
			buildSettings = {
				ASSETCATALOG_COMPILER_APPICON_NAME = AppIcon;
				INFOPLIST_FILE = JogaRun/Info.plist;
				LD_RUNPATH_SEARCH_PATHS = "$(inherited) @executable_path/Frameworks";
				PRODUCT_BUNDLE_IDENTIFIER = Taylor.JogaRun;
				PRODUCT_NAME = "$(TARGET_NAME)";
				SWIFT_VERSION = 3.0;
			};
			name = Release;
		};
/* End XCBuildConfiguration section */

/* Begin XCConfigurationList section */
		684DC69A1E941BCF00CC23DD /* Build configuration list for PBXProject "JogaRun" */ = {
			isa = XCConfigurationList;
			buildConfigurations = (
				684DC6AF1E941BD000CC23DD /* Debug */,
				684DC6B01E941BD000CC23DD /* Release */,
			);
			defaultConfigurationIsVisible = 0;
			defaultConfigurationName = Release;
		};
		684DC6B11E941BD000CC23DD /* Build configuration list for PBXNativeTarget "JogaRun" */ = {
			isa = XCConfigurationList;
			buildConfigurations = (
				684DC6B21E941BD000CC23DD /* Debug */,
				684DC6B31E941BD000CC23DD /* Release */,
			);
			defaultConfigurationIsVisible = 0;
		};
/* End XCConfigurationList section */
	};
	rootObject = 684DC6971E941BCF00CC23DD /* Project object */;
}
